// !$*UTF8*$!
{
	archiveVersion = 1;
	classes = {
	};
	objectVersion = 50;
	objects = {

/* Begin PBXBuildFile section */
		A2106EA4208A790A00A3AC2D /* SwiftyJSON.swift in Sources */ = {isa = PBXBuildFile; fileRef = A2106EA3208A790A00A3AC2D /* SwiftyJSON.swift */; };
		A2106EA6208A8C7400A3AC2D /* DetailViewController.swift in Sources */ = {isa = PBXBuildFile; fileRef = A2106EA5208A8C7400A3AC2D /* DetailViewController.swift */; };
		A2CA391C208A515F00D13403 /* AppDelegate.swift in Sources */ = {isa = PBXBuildFile; fileRef = A2CA391B208A515F00D13403 /* AppDelegate.swift */; };
		A2CA391E208A515F00D13403 /* ViewController.swift in Sources */ = {isa = PBXBuildFile; fileRef = A2CA391D208A515F00D13403 /* ViewController.swift */; };
		A2CA3921208A515F00D13403 /* Main.storyboard in Resources */ = {isa = PBXBuildFile; fileRef = A2CA391F208A515F00D13403 /* Main.storyboard */; };
		A2CA3923208A516C00D13403 /* Assets.xcassets in Resources */ = {isa = PBXBuildFile; fileRef = A2CA3922208A516C00D13403 /* Assets.xcassets */; };
		A2CA3926208A516C00D13403 /* LaunchScreen.storyboard in Resources */ = {isa = PBXBuildFile; fileRef = A2CA3924208A516C00D13403 /* LaunchScreen.storyboard */; };
/* End PBXBuildFile section */

/* Begin PBXFileReference section */
		A2106EA3208A790A00A3AC2D /* SwiftyJSON.swift */ = {isa = PBXFileReference; fileEncoding = 4; lastKnownFileType = sourcecode.swift; path = SwiftyJSON.swift; sourceTree = "<group>"; };
		A2106EA5208A8C7400A3AC2D /* DetailViewController.swift */ = {isa = PBXFileReference; lastKnownFileType = sourcecode.swift; path = DetailViewController.swift; sourceTree = "<group>"; };
		A2CA3918208A515F00D13403 /* JSONInterpreter.app */ = {isa = PBXFileReference; explicitFileType = wrapper.application; includeInIndex = 0; path = JSONInterpreter.app; sourceTree = BUILT_PRODUCTS_DIR; };
		A2CA391B208A515F00D13403 /* AppDelegate.swift */ = {isa = PBXFileReference; lastKnownFileType = sourcecode.swift; path = AppDelegate.swift; sourceTree = "<group>"; };
		A2CA391D208A515F00D13403 /* ViewController.swift */ = {isa = PBXFileReference; lastKnownFileType = sourcecode.swift; path = ViewController.swift; sourceTree = "<group>"; };
		A2CA3920208A515F00D13403 /* Base */ = {isa = PBXFileReference; lastKnownFileType = file.storyboard; name = Base; path = Base.lproj/Main.storyboard; sourceTree = "<group>"; };
		A2CA3922208A516C00D13403 /* Assets.xcassets */ = {isa = PBXFileReference; lastKnownFileType = folder.assetcatalog; path = Assets.xcassets; sourceTree = "<group>"; };
		A2CA3925208A516C00D13403 /* Base */ = {isa = PBXFileReference; lastKnownFileType = file.storyboard; name = Base; path = Base.lproj/LaunchScreen.storyboard; sourceTree = "<group>"; };
		A2CA3927208A516C00D13403 /* Info.plist */ = {isa = PBXFileReference; lastKnownFileType = text.plist.xml; path = Info.plist; sourceTree = "<group>"; };
/* End PBXFileReference section */

/* Begin PBXFrameworksBuildPhase section */
		A2CA3915208A515F00D13403 /* Frameworks */ = {
			isa = PBXFrameworksBuildPhase;
			buildActionMask = 2147483647;
			files = (
			);
			runOnlyForDeploymentPostprocessing = 0;
		};
/* End PBXFrameworksBuildPhase section */

/* Begin PBXGroup section */
		A2CA390F208A515E00D13403 = {
			isa = PBXGroup;
			children = (
				A2CA391A208A515F00D13403 /* JSONInterpreter */,
				A2CA3919208A515F00D13403 /* Products */,
			);
			sourceTree = "<group>";
		};
		A2CA3919208A515F00D13403 /* Products */ = {
			isa = PBXGroup;
			children = (
				A2CA3918208A515F00D13403 /* JSONInterpreter.app */,
			);
			name = Products;
			sourceTree = "<group>";
		};
		A2CA391A208A515F00D13403 /* JSONInterpreter */ = {
			isa = PBXGroup;
			children = (
				A2106EA3208A790A00A3AC2D /* SwiftyJSON.swift */,
				A2CA391B208A515F00D13403 /* AppDelegate.swift */,
				A2106EA5208A8C7400A3AC2D /* DetailViewController.swift */,
				A2CA391D208A515F00D13403 /* ViewController.swift */,
				A2CA391F208A515F00D13403 /* Main.storyboard */,
				A2CA3922208A516C00D13403 /* Assets.xcassets */,
				A2CA3924208A516C00D13403 /* LaunchScreen.storyboard */,
				A2CA3927208A516C00D13403 /* Info.plist */,
			);
			path = JSONInterpreter;
			sourceTree = "<group>";
		};
/* End PBXGroup section */

/* Begin PBXNativeTarget section */
		A2CA3917208A515F00D13403 /* JSONInterpreter */ = {
			isa = PBXNativeTarget;
			buildConfigurationList = A2CA392A208A516C00D13403 /* Build configuration list for PBXNativeTarget "JSONInterpreter" */;
			buildPhases = (
				A2CA3914208A515F00D13403 /* Sources */,
				A2CA3915208A515F00D13403 /* Frameworks */,
				A2CA3916208A515F00D13403 /* Resources */,
			);
			buildRules = (
			);
			dependencies = (
			);
			name = JSONInterpreter;
			productName = JSONInterpreter;
			productReference = A2CA3918208A515F00D13403 /* JSONInterpreter.app */;
			productType = "com.apple.product-type.application";
		};
/* End PBXNativeTarget section */

/* Begin PBXProject section */
		A2CA3910208A515F00D13403 /* Project object */ = {
			isa = PBXProject;
			attributes = {
				LastSwiftUpdateCheck = 0930;
				LastUpgradeCheck = 0930;
				ORGANIZATIONNAME = Droal;
				TargetAttributes = {
					A2CA3917208A515F00D13403 = {
						CreatedOnToolsVersion = 9.3;
					};
				};
			};
			buildConfigurationList = A2CA3913208A515F00D13403 /* Build configuration list for PBXProject "JSONInterpreter" */;
			compatibilityVersion = "Xcode 9.3";
			developmentRegion = en;
			hasScannedForEncodings = 0;
			knownRegions = (
				en,
				Base,
			);
			mainGroup = A2CA390F208A515E00D13403;
			productRefGroup = A2CA3919208A515F00D13403 /* Products */;
			projectDirPath = "";
			projectRoot = "";
			targets = (
				A2CA3917208A515F00D13403 /* JSONInterpreter */,
			);
		};
/* End PBXProject section */

/* Begin PBXResourcesBuildPhase section */
		A2CA3916208A515F00D13403 /* Resources */ = {
			isa = PBXResourcesBuildPhase;
			buildActionMask = 2147483647;
			files = (
				A2CA3926208A516C00D13403 /* LaunchScreen.storyboard in Resources */,
				A2CA3923208A516C00D13403 /* Assets.xcassets in Resources */,
				A2CA3921208A515F00D13403 /* Main.storyboard in Resources */,
			);
			runOnlyForDeploymentPostprocessing = 0;
		};
/* End PBXResourcesBuildPhase section */

/* Begin PBXSourcesBuildPhase section */
		A2CA3914208A515F00D13403 /* Sources */ = {
			isa = PBXSourcesBuildPhase;
			buildActionMask = 2147483647;
			files = (
				A2106EA4208A790A00A3AC2D /* SwiftyJSON.swift in Sources */,
				A2CA391E208A515F00D13403 /* ViewController.swift in Sources */,
				A2CA391C208A515F00D13403 /* AppDelegate.swift in Sources */,
				A2106EA6208A8C7400A3AC2D /* DetailViewController.swift in Sources */,
			);
			runOnlyForDeploymentPostprocessing = 0;
		};
/* End PBXSourcesBuildPhase section */

/* Begin PBXVariantGroup section */
		A2CA391F208A515F00D13403 /* Main.storyboard */ = {
			isa = PBXVariantGroup;
			children = (
				A2CA3920208A515F00D13403 /* Base */,
			);
			name = Main.storyboard;
			sourceTree = "<group>";
		};
		A2CA3924208A516C00D13403 /* LaunchScreen.storyboard */ = {
			isa = PBXVariantGroup;
			children = (
				A2CA3925208A516C00D13403 /* Base */,
			);
			name = LaunchScreen.storyboard;
			sourceTree = "<group>";
		};
/* End PBXVariantGroup section */

/* Begin XCBuildConfiguration section */
		A2CA3928208A516C00D13403 /* Debug */ = {
			isa = XCBuildConfiguration;
			buildSettings = {
				ALWAYS_SEARCH_USER_PATHS = NO;
				CLANG_ANALYZER_NONNULL = YES;
				CLANG_ANALYZER_NUMBER_OBJECT_CONVERSION = YES_AGGRESSIVE;
				CLANG_CXX_LANGUAGE_STANDARD = "gnu++14";
				CLANG_CXX_LIBRARY = "libc++";
				CLANG_ENABLE_MODULES = YES;
				CLANG_ENABLE_OBJC_ARC = YES;
				CLANG_ENABLE_OBJC_WEAK = YES;
				CLANG_WARN_BLOCK_CAPTURE_AUTORELEASING = YES;
				CLANG_WARN_BOOL_CONVERSION = YES;
				CLANG_WARN_COMMA = YES;
				CLANG_WARN_CONSTANT_CONVERSION = YES;
				CLANG_WARN_DEPRECATED_OBJC_IMPLEMENTATIONS = YES;
				CLANG_WARN_DIRECT_OBJC_ISA_USAGE = YES_ERROR;
				CLANG_WARN_DOCUMENTATION_COMMENTS = YES;
				CLANG_WARN_EMPTY_BODY = YES;
				CLANG_WARN_ENUM_CONVERSION = YES;
				CLANG_WARN_INFINITE_RECURSION = YES;
				CLANG_WARN_INT_CONVERSION = YES;
				CLANG_WARN_NON_LITERAL_NULL_CONVERSION = YES;
				CLANG_WARN_OBJC_IMPLICIT_RETAIN_SELF = YES;
				CLANG_WARN_OBJC_LITERAL_CONVERSION = YES;
				CLANG_WARN_OBJC_ROOT_CLASS = YES_ERROR;
				CLANG_WARN_RANGE_LOOP_ANALYSIS = YES;
				CLANG_WARN_STRICT_PROTOTYPES = YES;
				CLANG_WARN_SUSPICIOUS_MOVE = YES;
				CLANG_WARN_UNGUARDED_AVAILABILITY = YES_AGGRESSIVE;
				CLANG_WARN_UNREACHABLE_CODE = YES;
				CLANG_WARN__DUPLICATE_METHOD_MATCH = YES;
				CODE_SIGN_IDENTITY = "iPhone Developer";
				COPY_PHASE_STRIP = NO;
				DEBUG_INFORMATION_FORMAT = dwarf;
				ENABLE_STRICT_OBJC_MSGSEND = YES;
				ENABLE_TESTABILITY = YES;
				GCC_C_LANGUAGE_STANDARD = gnu11;
				GCC_DYNAMIC_NO_PIC = NO;
				GCC_NO_COMMON_BLOCKS = YES;
				GCC_OPTIMIZATION_LEVEL = 0;
				GCC_PREPROCESSOR_DEFINITIONS = (
					"DEBUG=1",
					"$(inherited)",
				);
				GCC_WARN_64_TO_32_BIT_CONVERSION = YES;
				GCC_WARN_ABOUT_RETURN_TYPE = YES_ERROR;
				GCC_WARN_UNDECLARED_SELECTOR = YES;
				GCC_WARN_UNINITIALIZED_AUTOS = YES_AGGRESSIVE;
				GCC_WARN_UNUSED_FUNCTION = YES;
				GCC_WARN_UNUSED_VARIABLE = YES;
				IPHONEOS_DEPLOYMENT_TARGET = 11.3;
				MTL_ENABLE_DEBUG_INFO = YES;
				ONLY_ACTIVE_ARCH = YES;
				SDKROOT = iphoneos;
				SWIFT_ACTIVE_COMPILATION_CONDITIONS = DEBUG;
				SWIFT_OPTIMIZATION_LEVEL = "-Onone";
			};
			name = Debug;
		};
		A2CA3929208A516C00D13403 /* Release */ = {
			isa = XCBuildConfiguration;
			buildSettings = {
				ALWAYS_SEARCH_USER_PATHS = NO;
				CLANG_ANALYZER_NONNULL = YES;
				CLANG_ANALYZER_NUMBER_OBJECT_CONVERSION = YES_AGGRESSIVE;
				CLANG_CXX_LANGUAGE_STANDARD = "gnu++14";
				CLANG_CXX_LIBRARY = "libc++";
				CLANG_ENABLE_MODULES = YES;
				CLANG_ENABLE_OBJC_ARC = YES;
				CLANG_ENABLE_OBJC_WEAK = YES;
				CLANG_WARN_BLOCK_CAPTURE_AUTORELEASING = YES;
				CLANG_WARN_BOOL_CONVERSION = YES;
				CLANG_WARN_COMMA = YES;
				CLANG_WARN_CONSTANT_CONVERSION = YES;
				CLANG_WARN_DEPRECATED_OBJC_IMPLEMENTATIONS = YES;
				CLANG_WARN_DIRECT_OBJC_ISA_USAGE = YES_ERROR;
				CLANG_WARN_DOCUMENTATION_COMMENTS = YES;
				CLANG_WARN_EMPTY_BODY = YES;
				CLANG_WARN_ENUM_CONVERSION = YES;
				CLANG_WARN_INFINITE_RECURSION = YES;
				CLANG_WARN_INT_CONVERSION = YES;
				CLANG_WARN_NON_LITERAL_NULL_CONVERSION = YES;
				CLANG_WARN_OBJC_IMPLICIT_RETAIN_SELF = YES;
				CLANG_WARN_OBJC_LITERAL_CONVERSION = YES;
				CLANG_WARN_OBJC_ROOT_CLASS = YES_ERROR;
				CLANG_WARN_RANGE_LOOP_ANALYSIS = YES;
				CLANG_WARN_STRICT_PROTOTYPES = YES;
				CLANG_WARN_SUSPICIOUS_MOVE = YES;
				CLANG_WARN_UNGUARDED_AVAILABILITY = YES_AGGRESSIVE;
				CLANG_WARN_UNREACHABLE_CODE = YES;
				CLANG_WARN__DUPLICATE_METHOD_MATCH = YES;
				CODE_SIGN_IDENTITY = "iPhone Developer";
				COPY_PHASE_STRIP = NO;
				DEBUG_INFORMATION_FORMAT = "dwarf-with-dsym";
				ENABLE_NS_ASSERTIONS = NO;
				ENABLE_STRICT_OBJC_MSGSEND = YES;
				GCC_C_LANGUAGE_STANDARD = gnu11;
				GCC_NO_COMMON_BLOCKS = YES;
				GCC_WARN_64_TO_32_BIT_CONVERSION = YES;
				GCC_WARN_ABOUT_RETURN_TYPE = YES_ERROR;
				GCC_WARN_UNDECLARED_SELECTOR = YES;
				GCC_WARN_UNINITIALIZED_AUTOS = YES_AGGRESSIVE;
				GCC_WARN_UNUSED_FUNCTION = YES;
				GCC_WARN_UNUSED_VARIABLE = YES;
				IPHONEOS_DEPLOYMENT_TARGET = 11.3;
				MTL_ENABLE_DEBUG_INFO = NO;
				SDKROOT = iphoneos;
				SWIFT_COMPILATION_MODE = wholemodule;
				SWIFT_OPTIMIZATION_LEVEL = "-O";
				VALIDATE_PRODUCT = YES;
			};
			name = Release;
		};
		A2CA392B208A516C00D13403 /* Debug */ = {
			isa = XCBuildConfiguration;
			buildSettings = {
				ASSETCATALOG_COMPILER_APPICON_NAME = AppIcon;
				CODE_SIGN_STYLE = Automatic;
				DEVELOPMENT_TEAM = 2K3SVTAFQD;
				INFOPLIST_FILE = JSONInterpreter/Info.plist;
				IPHONEOS_DEPLOYMENT_TARGET = 11.0;
				LD_RUNPATH_SEARCH_PATHS = (
					"$(inherited)",
					"@executable_path/Frameworks",
				);
				PRODUCT_BUNDLE_IDENTIFIER = Droal.JSONInterpreter;
				PRODUCT_NAME = "$(TARGET_NAME)";
				SWIFT_VERSION = 4.0;
				TARGETED_DEVICE_FAMILY = "1,2";
			};
			name = Debug;
		};
		A2CA392C208A516C00D13403 /* Release */ = {
			isa = XCBuildConfiguration;
			buildSettings = {
				ASSETCATALOG_COMPILER_APPICON_NAME = AppIcon;
				CODE_SIGN_STYLE = Automatic;
				DEVELOPMENT_TEAM = 2K3SVTAFQD;
				INFOPLIST_FILE = JSONInterpreter/Info.plist;
				IPHONEOS_DEPLOYMENT_TARGET = 11.0;
				LD_RUNPATH_SEARCH_PATHS = (
					"$(inherited)",
					"@executable_path/Frameworks",
				);
				PRODUCT_BUNDLE_IDENTIFIER = Droal.JSONInterpreter;
				PRODUCT_NAME = "$(TARGET_NAME)";
				SWIFT_VERSION = 4.0;
				TARGETED_DEVICE_FAMILY = "1,2";
			};
			name = Release;
		};
/* End XCBuildConfiguration section */

/* Begin XCConfigurationList section */
		A2CA3913208A515F00D13403 /* Build configuration list for PBXProject "JSONInterpreter" */ = {
			isa = XCConfigurationList;
			buildConfigurations = (
				A2CA3928208A516C00D13403 /* Debug */,
				A2CA3929208A516C00D13403 /* Release */,
			);
			defaultConfigurationIsVisible = 0;
			defaultConfigurationName = Release;
		};
		A2CA392A208A516C00D13403 /* Build configuration list for PBXNativeTarget "JSONInterpreter" */ = {
			isa = XCConfigurationList;
			buildConfigurations = (
				A2CA392B208A516C00D13403 /* Debug */,
				A2CA392C208A516C00D13403 /* Release */,
			);
			defaultConfigurationIsVisible = 0;
			defaultConfigurationName = Release;
		};
/* End XCConfigurationList section */
	};
	rootObject = A2CA3910208A515F00D13403 /* Project object */;
}
